// !$*UTF8*$!
{
	archiveVersion = 1;
	classes = {
	};
	objectVersion = 56;
	objects = {

/* Begin PBXBuildFile section */
		0B15351B2A4217650064ABC3 /* MusicService.swift in Sources */ = {isa = PBXBuildFile; fileRef = 0B15351A2A4217650064ABC3 /* MusicService.swift */; };
		0B1535202A4217B00064ABC3 /* data-with-images.json in Resources */ = {isa = PBXBuildFile; fileRef = 0B15351D2A4217B00064ABC3 /* data-with-images.json */; };
		0B1535212A4217B00064ABC3 /* data.json in Resources */ = {isa = PBXBuildFile; fileRef = 0B15351E2A4217B00064ABC3 /* data.json */; };
		0B1535222A4217B00064ABC3 /* data-images.json in Resources */ = {isa = PBXBuildFile; fileRef = 0B15351F2A4217B00064ABC3 /* data-images.json */; };
		0B1535272A421BA70064ABC3 /* MusicCollectionTypeTableViewCell.swift in Sources */ = {isa = PBXBuildFile; fileRef = 0B1535262A421BA70064ABC3 /* MusicCollectionTypeTableViewCell.swift */; };
		0B15352A2A421BF00064ABC3 /* LibraryViewController.swift in Sources */ = {isa = PBXBuildFile; fileRef = 0B1535292A421BF00064ABC3 /* LibraryViewController.swift */; };
		0BBBF5F72A4230DB0022095F /* Library.storyboard in Resources */ = {isa = PBXBuildFile; fileRef = 0BBBF5F62A4230DB0022095F /* Library.storyboard */; };
		0BBBF5FE2A4375600022095F /* Favorites.storyboard in Resources */ = {isa = PBXBuildFile; fileRef = 0BBBF5FD2A4375600022095F /* Favorites.storyboard */; };
		0BBBF6002A4377C70022095F /* FavoritesViewController.swift in Sources */ = {isa = PBXBuildFile; fileRef = 0BBBF5FF2A4377C70022095F /* FavoritesViewController.swift */; };
		0BC2726F2A45C92500E0A9AC /* Search.storyboard in Resources */ = {isa = PBXBuildFile; fileRef = 0BC2726E2A45C92500E0A9AC /* Search.storyboard */; };
		0BC272712A45C9C200E0A9AC /* SearchViewController.swift in Sources */ = {isa = PBXBuildFile; fileRef = 0BC272702A45C9C200E0A9AC /* SearchViewController.swift */; };
		A75914242A4214560084CC9A /* Assets.xcassets in Resources */ = {isa = PBXBuildFile; fileRef = A75914232A4214560084CC9A /* Assets.xcassets */; };
		A772C6F42A421E61002A2BE0 /* OpenedCollectionViewController.swift in Sources */ = {isa = PBXBuildFile; fileRef = A772C6F32A421E61002A2BE0 /* OpenedCollectionViewController.swift */; };
		A772C6F92A42233D002A2BE0 /* CollectionsViewController.swift in Sources */ = {isa = PBXBuildFile; fileRef = A772C6F72A42233D002A2BE0 /* CollectionsViewController.swift */; };
		A772C6FC2A42236E002A2BE0 /* Collections.storyboard in Resources */ = {isa = PBXBuildFile; fileRef = A772C6FB2A42236E002A2BE0 /* Collections.storyboard */; };
		A772C7002A4229A3002A2BE0 /* BigCardTableViewCell.swift in Sources */ = {isa = PBXBuildFile; fileRef = A772C6FE2A4229A3002A2BE0 /* BigCardTableViewCell.swift */; };
		A772C7012A4229A3002A2BE0 /* BigCardTableViewCell.xib in Resources */ = {isa = PBXBuildFile; fileRef = A772C6FF2A4229A3002A2BE0 /* BigCardTableViewCell.xib */; };
		A772C7032A4233C4002A2BE0 /* MusicCollectionHeaderTableViewCell.swift in Sources */ = {isa = PBXBuildFile; fileRef = A772C7022A4233C4002A2BE0 /* MusicCollectionHeaderTableViewCell.swift */; };
		A7A626502A43620600FDB063 /* Main.storyboard in Resources */ = {isa = PBXBuildFile; fileRef = A7A6264F2A43620600FDB063 /* Main.storyboard */; };
		A7BA33402A43748900013E3B /* Songs.storyboard in Resources */ = {isa = PBXBuildFile; fileRef = A7BA333F2A43748900013E3B /* Songs.storyboard */; };
		A7BA33422A4374EA00013E3B /* SongsViewController.swift in Sources */ = {isa = PBXBuildFile; fileRef = A7BA33412A4374EA00013E3B /* SongsViewController.swift */; };
		A7BA33442A437EB500013E3B /* Utils.swift in Sources */ = {isa = PBXBuildFile; fileRef = A7BA33432A437EB500013E3B /* Utils.swift */; };
		A7E83B122A40D08500F4FA2B /* AppDelegate.swift in Sources */ = {isa = PBXBuildFile; fileRef = A7E83B112A40D08500F4FA2B /* AppDelegate.swift */; };
		A7E83B142A40D08500F4FA2B /* SceneDelegate.swift in Sources */ = {isa = PBXBuildFile; fileRef = A7E83B132A40D08500F4FA2B /* SceneDelegate.swift */; };
		A7E83B162A40D08500F4FA2B /* ViewController.swift in Sources */ = {isa = PBXBuildFile; fileRef = A7E83B152A40D08500F4FA2B /* ViewController.swift */; };
		A7E83B1E2A40D08600F4FA2B /* LaunchScreen.storyboard in Resources */ = {isa = PBXBuildFile; fileRef = A7E83B1C2A40D08600F4FA2B /* LaunchScreen.storyboard */; };
		A7E83B262A40D13F00F4FA2B /* OpenedCollection.storyboard in Resources */ = {isa = PBXBuildFile; fileRef = A7E83B252A40D13F00F4FA2B /* OpenedCollection.storyboard */; };
/* End PBXBuildFile section */

/* Begin PBXFileReference section */
		0B15351A2A4217650064ABC3 /* MusicService.swift */ = {isa = PBXFileReference; fileEncoding = 4; lastKnownFileType = sourcecode.swift; path = MusicService.swift; sourceTree = "<group>"; };
		0B15351D2A4217B00064ABC3 /* data-with-images.json */ = {isa = PBXFileReference; fileEncoding = 4; lastKnownFileType = text.json; path = "data-with-images.json"; sourceTree = "<group>"; };
		0B15351E2A4217B00064ABC3 /* data.json */ = {isa = PBXFileReference; fileEncoding = 4; lastKnownFileType = text.json; path = data.json; sourceTree = "<group>"; };
		0B15351F2A4217B00064ABC3 /* data-images.json */ = {isa = PBXFileReference; fileEncoding = 4; lastKnownFileType = text.json; path = "data-images.json"; sourceTree = "<group>"; };
		0B1535262A421BA70064ABC3 /* MusicCollectionTypeTableViewCell.swift */ = {isa = PBXFileReference; lastKnownFileType = sourcecode.swift; path = MusicCollectionTypeTableViewCell.swift; sourceTree = "<group>"; };
		0B1535292A421BF00064ABC3 /* LibraryViewController.swift */ = {isa = PBXFileReference; lastKnownFileType = sourcecode.swift; path = LibraryViewController.swift; sourceTree = "<group>"; };
		0BBBF5F62A4230DB0022095F /* Library.storyboard */ = {isa = PBXFileReference; fileEncoding = 4; lastKnownFileType = file.storyboard; path = Library.storyboard; sourceTree = "<group>"; };
		0BBBF5FD2A4375600022095F /* Favorites.storyboard */ = {isa = PBXFileReference; lastKnownFileType = file.storyboard; path = Favorites.storyboard; sourceTree = "<group>"; };
		0BBBF5FF2A4377C70022095F /* FavoritesViewController.swift */ = {isa = PBXFileReference; lastKnownFileType = sourcecode.swift; path = FavoritesViewController.swift; sourceTree = "<group>"; };
		0BC2726E2A45C92500E0A9AC /* Search.storyboard */ = {isa = PBXFileReference; lastKnownFileType = file.storyboard; path = Search.storyboard; sourceTree = "<group>"; };
		0BC272702A45C9C200E0A9AC /* SearchViewController.swift */ = {isa = PBXFileReference; lastKnownFileType = sourcecode.swift; path = SearchViewController.swift; sourceTree = "<group>"; };
		A75914232A4214560084CC9A /* Assets.xcassets */ = {isa = PBXFileReference; lastKnownFileType = folder.assetcatalog; path = Assets.xcassets; sourceTree = "<group>"; };
		A75914252A4218530084CC9A /* MusicServiceTest.swift */ = {isa = PBXFileReference; lastKnownFileType = sourcecode.swift; path = MusicServiceTest.swift; sourceTree = "<group>"; };
		A772C6F32A421E61002A2BE0 /* OpenedCollectionViewController.swift */ = {isa = PBXFileReference; lastKnownFileType = sourcecode.swift; path = OpenedCollectionViewController.swift; sourceTree = "<group>"; };
		A772C6F72A42233D002A2BE0 /* CollectionsViewController.swift */ = {isa = PBXFileReference; lastKnownFileType = sourcecode.swift; path = CollectionsViewController.swift; sourceTree = "<group>"; };
		A772C6FB2A42236E002A2BE0 /* Collections.storyboard */ = {isa = PBXFileReference; lastKnownFileType = file.storyboard; path = Collections.storyboard; sourceTree = "<group>"; };
		A772C6FE2A4229A3002A2BE0 /* BigCardTableViewCell.swift */ = {isa = PBXFileReference; lastKnownFileType = sourcecode.swift; path = BigCardTableViewCell.swift; sourceTree = "<group>"; };
		A772C6FF2A4229A3002A2BE0 /* BigCardTableViewCell.xib */ = {isa = PBXFileReference; lastKnownFileType = file.xib; path = BigCardTableViewCell.xib; sourceTree = "<group>"; };
		A772C7022A4233C4002A2BE0 /* MusicCollectionHeaderTableViewCell.swift */ = {isa = PBXFileReference; lastKnownFileType = sourcecode.swift; path = MusicCollectionHeaderTableViewCell.swift; sourceTree = "<group>"; };
		A7A6264F2A43620600FDB063 /* Main.storyboard */ = {isa = PBXFileReference; fileEncoding = 4; lastKnownFileType = file.storyboard; path = Main.storyboard; sourceTree = "<group>"; };
		A7BA333F2A43748900013E3B /* Songs.storyboard */ = {isa = PBXFileReference; lastKnownFileType = file.storyboard; path = Songs.storyboard; sourceTree = "<group>"; };
		A7BA33412A4374EA00013E3B /* SongsViewController.swift */ = {isa = PBXFileReference; lastKnownFileType = sourcecode.swift; path = SongsViewController.swift; sourceTree = "<group>"; };
		A7BA33432A437EB500013E3B /* Utils.swift */ = {isa = PBXFileReference; lastKnownFileType = sourcecode.swift; path = Utils.swift; sourceTree = "<group>"; };
		A7E83B0E2A40D08500F4FA2B /* UIKit-Nano.app */ = {isa = PBXFileReference; explicitFileType = wrapper.application; includeInIndex = 0; path = "UIKit-Nano.app"; sourceTree = BUILT_PRODUCTS_DIR; };
		A7E83B112A40D08500F4FA2B /* AppDelegate.swift */ = {isa = PBXFileReference; lastKnownFileType = sourcecode.swift; path = AppDelegate.swift; sourceTree = "<group>"; };
		A7E83B132A40D08500F4FA2B /* SceneDelegate.swift */ = {isa = PBXFileReference; lastKnownFileType = sourcecode.swift; path = SceneDelegate.swift; sourceTree = "<group>"; };
		A7E83B152A40D08500F4FA2B /* ViewController.swift */ = {isa = PBXFileReference; lastKnownFileType = sourcecode.swift; path = ViewController.swift; sourceTree = "<group>"; };
		A7E83B1D2A40D08600F4FA2B /* Base */ = {isa = PBXFileReference; lastKnownFileType = file.storyboard; name = Base; path = Base.lproj/LaunchScreen.storyboard; sourceTree = "<group>"; };
		A7E83B1F2A40D08600F4FA2B /* Info.plist */ = {isa = PBXFileReference; lastKnownFileType = text.plist.xml; path = Info.plist; sourceTree = "<group>"; };
		A7E83B252A40D13F00F4FA2B /* OpenedCollection.storyboard */ = {isa = PBXFileReference; lastKnownFileType = file.storyboard; path = OpenedCollection.storyboard; sourceTree = "<group>"; };
/* End PBXFileReference section */

/* Begin PBXFrameworksBuildPhase section */
		A7E83B0B2A40D08500F4FA2B /* Frameworks */ = {
			isa = PBXFrameworksBuildPhase;
			buildActionMask = 2147483647;
			files = (
			);
			runOnlyForDeploymentPostprocessing = 0;
		};
/* End PBXFrameworksBuildPhase section */

/* Begin PBXGroup section */
		0B1535192A4217580064ABC3 /* Service */ = {
			isa = PBXGroup;
			children = (
				0B15351A2A4217650064ABC3 /* MusicService.swift */,
			);
			path = Service;
			sourceTree = "<group>";
		};
		0B15351C2A4217A40064ABC3 /* Model */ = {
			isa = PBXGroup;
			children = (
				0B15351F2A4217B00064ABC3 /* data-images.json */,
				0B15351D2A4217B00064ABC3 /* data-with-images.json */,
				0B15351E2A4217B00064ABC3 /* data.json */,
			);
			path = Model;
			sourceTree = "<group>";
		};
		0B15352B2A4230900064ABC3 /* Library */ = {
			isa = PBXGroup;
			children = (
				0B1535262A421BA70064ABC3 /* MusicCollectionTypeTableViewCell.swift */,
				0BBBF5F62A4230DB0022095F /* Library.storyboard */,
			);
			path = Library;
			sourceTree = "<group>";
		};
		0BBBF5FC2A43754F0022095F /* Favorites */ = {
			isa = PBXGroup;
			children = (
				0BBBF5FD2A4375600022095F /* Favorites.storyboard */,
			);
			path = Favorites;
			sourceTree = "<group>";
		};
		0BC2726D2A45C91700E0A9AC /* Search */ = {
			isa = PBXGroup;
			children = (
				0BC2726E2A45C92500E0A9AC /* Search.storyboard */,
			);
			path = Search;
			sourceTree = "<group>";
		};
		A714AE382A43655C007F8A27 /* Recovered References */ = {
			isa = PBXGroup;
			children = (
				A75914252A4218530084CC9A /* MusicServiceTest.swift */,
			);
			name = "Recovered References";
			sourceTree = "<group>";
		};
		A772C6F22A421E34002A2BE0 /* Controllers */ = {
			isa = PBXGroup;
			children = (
				0B1535292A421BF00064ABC3 /* LibraryViewController.swift */,
				A772C6F72A42233D002A2BE0 /* CollectionsViewController.swift */,
				A772C6F32A421E61002A2BE0 /* OpenedCollectionViewController.swift */,
				0BBBF5FF2A4377C70022095F /* FavoritesViewController.swift */,
				A7BA33412A4374EA00013E3B /* SongsViewController.swift */,
				0BC272702A45C9C200E0A9AC /* SearchViewController.swift */,
			);
			path = Controllers;
			sourceTree = "<group>";
		};
		A772C6F52A422314002A2BE0 /* Storyboards */ = {
			isa = PBXGroup;
			children = (
				0BC2726D2A45C91700E0A9AC /* Search */,
				0BBBF5FC2A43754F0022095F /* Favorites */,
				A7BA333E2A43747A00013E3B /* Songs */,
				0B15352B2A4230900064ABC3 /* Library */,
				A772C6F62A42231E002A2BE0 /* Collection */,
			);
			path = Storyboards;
			sourceTree = "<group>";
		};
		A772C6F62A42231E002A2BE0 /* Collection */ = {
			isa = PBXGroup;
			children = (
				A7E83B252A40D13F00F4FA2B /* OpenedCollection.storyboard */,
				A772C6FB2A42236E002A2BE0 /* Collections.storyboard */,
				A772C7022A4233C4002A2BE0 /* MusicCollectionHeaderTableViewCell.swift */,
			);
			path = Collection;
			sourceTree = "<group>";
		};
		A772C6FD2A422983002A2BE0 /* BigCard */ = {
			isa = PBXGroup;
			children = (
				A772C6FE2A4229A3002A2BE0 /* BigCardTableViewCell.swift */,
				A772C6FF2A4229A3002A2BE0 /* BigCardTableViewCell.xib */,
			);
			path = BigCard;
			sourceTree = "<group>";
		};
		A7BA333E2A43747A00013E3B /* Songs */ = {
			isa = PBXGroup;
			children = (
				A7BA333F2A43748900013E3B /* Songs.storyboard */,
			);
			path = Songs;
			sourceTree = "<group>";
		};
		A7E83B052A40D08500F4FA2B = {
			isa = PBXGroup;
			children = (
				A7E83B102A40D08500F4FA2B /* UIKit-Nano */,
				A7E83B0F2A40D08500F4FA2B /* Products */,
				A714AE382A43655C007F8A27 /* Recovered References */,
			);
			sourceTree = "<group>";
		};
		A7E83B0F2A40D08500F4FA2B /* Products */ = {
			isa = PBXGroup;
			children = (
				A7E83B0E2A40D08500F4FA2B /* UIKit-Nano.app */,
			);
			name = Products;
			sourceTree = "<group>";
		};
		A7E83B102A40D08500F4FA2B /* UIKit-Nano */ = {
			isa = PBXGroup;
			children = (
				A772C6F52A422314002A2BE0 /* Storyboards */,
				A772C6F22A421E34002A2BE0 /* Controllers */,
				A7E83B272A40DA9400F4FA2B /* Components */,
				0B15351C2A4217A40064ABC3 /* Model */,
				0B1535192A4217580064ABC3 /* Service */,
				A7E83B112A40D08500F4FA2B /* AppDelegate.swift */,
				A7E83B132A40D08500F4FA2B /* SceneDelegate.swift */,
				A7E83B152A40D08500F4FA2B /* ViewController.swift */,
				A7A6264F2A43620600FDB063 /* Main.storyboard */,
				A7E83B1C2A40D08600F4FA2B /* LaunchScreen.storyboard */,
				A7E83B1F2A40D08600F4FA2B /* Info.plist */,
				A75914232A4214560084CC9A /* Assets.xcassets */,
				A7BA33432A437EB500013E3B /* Utils.swift */,
			);
			path = "UIKit-Nano";
			sourceTree = "<group>";
		};
		A7E83B272A40DA9400F4FA2B /* Components */ = {
			isa = PBXGroup;
			children = (
				A772C6FD2A422983002A2BE0 /* BigCard */,
			);
			path = Components;
			sourceTree = "<group>";
		};
/* End PBXGroup section */

/* Begin PBXNativeTarget section */
		A7E83B0D2A40D08500F4FA2B /* UIKit-Nano */ = {
			isa = PBXNativeTarget;
			buildConfigurationList = A7E83B222A40D08600F4FA2B /* Build configuration list for PBXNativeTarget "UIKit-Nano" */;
			buildPhases = (
				A7E83B0A2A40D08500F4FA2B /* Sources */,
				A7E83B0B2A40D08500F4FA2B /* Frameworks */,
				A7E83B0C2A40D08500F4FA2B /* Resources */,
			);
			buildRules = (
			);
			dependencies = (
			);
			name = "UIKit-Nano";
			productName = "UIKit-Nano";
			productReference = A7E83B0E2A40D08500F4FA2B /* UIKit-Nano.app */;
			productType = "com.apple.product-type.application";
		};
/* End PBXNativeTarget section */

/* Begin PBXProject section */
		A7E83B062A40D08500F4FA2B /* Project object */ = {
			isa = PBXProject;
			attributes = {
				BuildIndependentTargetsInParallel = 1;
				LastSwiftUpdateCheck = 1430;
				LastUpgradeCheck = 1430;
				TargetAttributes = {
					A7E83B0D2A40D08500F4FA2B = {
						CreatedOnToolsVersion = 14.3.1;
					};
				};
			};
			buildConfigurationList = A7E83B092A40D08500F4FA2B /* Build configuration list for PBXProject "UIKit-Nano" */;
			compatibilityVersion = "Xcode 14.0";
			developmentRegion = en;
			hasScannedForEncodings = 0;
			knownRegions = (
				en,
				Base,
			);
			mainGroup = A7E83B052A40D08500F4FA2B;
			productRefGroup = A7E83B0F2A40D08500F4FA2B /* Products */;
			projectDirPath = "";
			projectRoot = "";
			targets = (
				A7E83B0D2A40D08500F4FA2B /* UIKit-Nano */,
			);
		};
/* End PBXProject section */

/* Begin PBXResourcesBuildPhase section */
		A7E83B0C2A40D08500F4FA2B /* Resources */ = {
			isa = PBXResourcesBuildPhase;
			buildActionMask = 2147483647;
			files = (
				A7E83B1E2A40D08600F4FA2B /* LaunchScreen.storyboard in Resources */,
				A7A626502A43620600FDB063 /* Main.storyboard in Resources */,
				0BBBF5FE2A4375600022095F /* Favorites.storyboard in Resources */,
				A7E83B262A40D13F00F4FA2B /* OpenedCollection.storyboard in Resources */,
				0B1535222A4217B00064ABC3 /* data-images.json in Resources */,
				A772C7012A4229A3002A2BE0 /* BigCardTableViewCell.xib in Resources */,
				A75914242A4214560084CC9A /* Assets.xcassets in Resources */,
				A772C6FC2A42236E002A2BE0 /* Collections.storyboard in Resources */,
				0B1535212A4217B00064ABC3 /* data.json in Resources */,
				A7BA33402A43748900013E3B /* Songs.storyboard in Resources */,
				0BBBF5F72A4230DB0022095F /* Library.storyboard in Resources */,
				0B1535202A4217B00064ABC3 /* data-with-images.json in Resources */,
				0BC2726F2A45C92500E0A9AC /* Search.storyboard in Resources */,
			);
			runOnlyForDeploymentPostprocessing = 0;
		};
/* End PBXResourcesBuildPhase section */

/* Begin PBXSourcesBuildPhase section */
		A7E83B0A2A40D08500F4FA2B /* Sources */ = {
			isa = PBXSourcesBuildPhase;
			buildActionMask = 2147483647;
			files = (
				A772C6F42A421E61002A2BE0 /* OpenedCollectionViewController.swift in Sources */,
				A7BA33422A4374EA00013E3B /* SongsViewController.swift in Sources */,
				A7E83B162A40D08500F4FA2B /* ViewController.swift in Sources */,
				A7E83B122A40D08500F4FA2B /* AppDelegate.swift in Sources */,
				A7E83B142A40D08500F4FA2B /* SceneDelegate.swift in Sources */,
				A7BA33442A437EB500013E3B /* Utils.swift in Sources */,
				A772C6F92A42233D002A2BE0 /* CollectionsViewController.swift in Sources */,
				A772C7032A4233C4002A2BE0 /* MusicCollectionHeaderTableViewCell.swift in Sources */,
				0BC272712A45C9C200E0A9AC /* SearchViewController.swift in Sources */,
				A772C7002A4229A3002A2BE0 /* BigCardTableViewCell.swift in Sources */,
				0B1535272A421BA70064ABC3 /* MusicCollectionTypeTableViewCell.swift in Sources */,
				0B15352A2A421BF00064ABC3 /* LibraryViewController.swift in Sources */,
				0BBBF6002A4377C70022095F /* FavoritesViewController.swift in Sources */,
				0B15351B2A4217650064ABC3 /* MusicService.swift in Sources */,
			);
			runOnlyForDeploymentPostprocessing = 0;
		};
/* End PBXSourcesBuildPhase section */

/* Begin PBXVariantGroup section */
		A7E83B1C2A40D08600F4FA2B /* LaunchScreen.storyboard */ = {
			isa = PBXVariantGroup;
			children = (
				A7E83B1D2A40D08600F4FA2B /* Base */,
			);
			name = LaunchScreen.storyboard;
			sourceTree = "<group>";
		};
/* End PBXVariantGroup section */

/* Begin XCBuildConfiguration section */
		A7E83B202A40D08600F4FA2B /* Debug */ = {
			isa = XCBuildConfiguration;
			buildSettings = {
				ALWAYS_SEARCH_USER_PATHS = NO;
				CLANG_ANALYZER_NONNULL = YES;
				CLANG_ANALYZER_NUMBER_OBJECT_CONVERSION = YES_AGGRESSIVE;
				CLANG_CXX_LANGUAGE_STANDARD = "gnu++20";
				CLANG_ENABLE_MODULES = YES;
				CLANG_ENABLE_OBJC_ARC = YES;
				CLANG_ENABLE_OBJC_WEAK = YES;
				CLANG_WARN_BLOCK_CAPTURE_AUTORELEASING = YES;
				CLANG_WARN_BOOL_CONVERSION = YES;
				CLANG_WARN_COMMA = YES;
				CLANG_WARN_CONSTANT_CONVERSION = YES;
				CLANG_WARN_DEPRECATED_OBJC_IMPLEMENTATIONS = YES;
				CLANG_WARN_DIRECT_OBJC_ISA_USAGE = YES_ERROR;
				CLANG_WARN_DOCUMENTATION_COMMENTS = YES;
				CLANG_WARN_EMPTY_BODY = YES;
				CLANG_WARN_ENUM_CONVERSION = YES;
				CLANG_WARN_INFINITE_RECURSION = YES;
				CLANG_WARN_INT_CONVERSION = YES;
				CLANG_WARN_NON_LITERAL_NULL_CONVERSION = YES;
				CLANG_WARN_OBJC_IMPLICIT_RETAIN_SELF = YES;
				CLANG_WARN_OBJC_LITERAL_CONVERSION = YES;
				CLANG_WARN_OBJC_ROOT_CLASS = YES_ERROR;
				CLANG_WARN_QUOTED_INCLUDE_IN_FRAMEWORK_HEADER = YES;
				CLANG_WARN_RANGE_LOOP_ANALYSIS = YES;
				CLANG_WARN_STRICT_PROTOTYPES = YES;
				CLANG_WARN_SUSPICIOUS_MOVE = YES;
				CLANG_WARN_UNGUARDED_AVAILABILITY = YES_AGGRESSIVE;
				CLANG_WARN_UNREACHABLE_CODE = YES;
				CLANG_WARN__DUPLICATE_METHOD_MATCH = YES;
				COPY_PHASE_STRIP = NO;
				DEBUG_INFORMATION_FORMAT = dwarf;
				ENABLE_STRICT_OBJC_MSGSEND = YES;
				ENABLE_TESTABILITY = YES;
				GCC_C_LANGUAGE_STANDARD = gnu11;
				GCC_DYNAMIC_NO_PIC = NO;
				GCC_NO_COMMON_BLOCKS = YES;
				GCC_OPTIMIZATION_LEVEL = 0;
				GCC_PREPROCESSOR_DEFINITIONS = (
					"DEBUG=1",
					"$(inherited)",
				);
				GCC_WARN_64_TO_32_BIT_CONVERSION = YES;
				GCC_WARN_ABOUT_RETURN_TYPE = YES_ERROR;
				GCC_WARN_UNDECLARED_SELECTOR = YES;
				GCC_WARN_UNINITIALIZED_AUTOS = YES_AGGRESSIVE;
				GCC_WARN_UNUSED_FUNCTION = YES;
				GCC_WARN_UNUSED_VARIABLE = YES;
				IPHONEOS_DEPLOYMENT_TARGET = 16.4;
				MTL_ENABLE_DEBUG_INFO = INCLUDE_SOURCE;
				MTL_FAST_MATH = YES;
				ONLY_ACTIVE_ARCH = YES;
				SDKROOT = iphoneos;
				SWIFT_ACTIVE_COMPILATION_CONDITIONS = DEBUG;
				SWIFT_OPTIMIZATION_LEVEL = "-Onone";
			};
			name = Debug;
		};
		A7E83B212A40D08600F4FA2B /* Release */ = {
			isa = XCBuildConfiguration;
			buildSettings = {
				ALWAYS_SEARCH_USER_PATHS = NO;
				CLANG_ANALYZER_NONNULL = YES;
				CLANG_ANALYZER_NUMBER_OBJECT_CONVERSION = YES_AGGRESSIVE;
				CLANG_CXX_LANGUAGE_STANDARD = "gnu++20";
				CLANG_ENABLE_MODULES = YES;
				CLANG_ENABLE_OBJC_ARC = YES;
				CLANG_ENABLE_OBJC_WEAK = YES;
				CLANG_WARN_BLOCK_CAPTURE_AUTORELEASING = YES;
				CLANG_WARN_BOOL_CONVERSION = YES;
				CLANG_WARN_COMMA = YES;
				CLANG_WARN_CONSTANT_CONVERSION = YES;
				CLANG_WARN_DEPRECATED_OBJC_IMPLEMENTATIONS = YES;
				CLANG_WARN_DIRECT_OBJC_ISA_USAGE = YES_ERROR;
				CLANG_WARN_DOCUMENTATION_COMMENTS = YES;
				CLANG_WARN_EMPTY_BODY = YES;
				CLANG_WARN_ENUM_CONVERSION = YES;
				CLANG_WARN_INFINITE_RECURSION = YES;
				CLANG_WARN_INT_CONVERSION = YES;
				CLANG_WARN_NON_LITERAL_NULL_CONVERSION = YES;
				CLANG_WARN_OBJC_IMPLICIT_RETAIN_SELF = YES;
				CLANG_WARN_OBJC_LITERAL_CONVERSION = YES;
				CLANG_WARN_OBJC_ROOT_CLASS = YES_ERROR;
				CLANG_WARN_QUOTED_INCLUDE_IN_FRAMEWORK_HEADER = YES;
				CLANG_WARN_RANGE_LOOP_ANALYSIS = YES;
				CLANG_WARN_STRICT_PROTOTYPES = YES;
				CLANG_WARN_SUSPICIOUS_MOVE = YES;
				CLANG_WARN_UNGUARDED_AVAILABILITY = YES_AGGRESSIVE;
				CLANG_WARN_UNREACHABLE_CODE = YES;
				CLANG_WARN__DUPLICATE_METHOD_MATCH = YES;
				COPY_PHASE_STRIP = NO;
				DEBUG_INFORMATION_FORMAT = "dwarf-with-dsym";
				ENABLE_NS_ASSERTIONS = NO;
				ENABLE_STRICT_OBJC_MSGSEND = YES;
				GCC_C_LANGUAGE_STANDARD = gnu11;
				GCC_NO_COMMON_BLOCKS = YES;
				GCC_WARN_64_TO_32_BIT_CONVERSION = YES;
				GCC_WARN_ABOUT_RETURN_TYPE = YES_ERROR;
				GCC_WARN_UNDECLARED_SELECTOR = YES;
				GCC_WARN_UNINITIALIZED_AUTOS = YES_AGGRESSIVE;
				GCC_WARN_UNUSED_FUNCTION = YES;
				GCC_WARN_UNUSED_VARIABLE = YES;
				IPHONEOS_DEPLOYMENT_TARGET = 16.4;
				MTL_ENABLE_DEBUG_INFO = NO;
				MTL_FAST_MATH = YES;
				SDKROOT = iphoneos;
				SWIFT_COMPILATION_MODE = wholemodule;
				SWIFT_OPTIMIZATION_LEVEL = "-O";
				VALIDATE_PRODUCT = YES;
			};
			name = Release;
		};
		A7E83B232A40D08600F4FA2B /* Debug */ = {
			isa = XCBuildConfiguration;
			buildSettings = {
				ASSETCATALOG_COMPILER_APPICON_NAME = AppIcon;
				ASSETCATALOG_COMPILER_GLOBAL_ACCENT_COLOR_NAME = AccentColor;
				CODE_SIGN_STYLE = Automatic;
				CURRENT_PROJECT_VERSION = 1;
				DEVELOPMENT_TEAM = 3GNMJZ6Q8Z;
				GENERATE_INFOPLIST_FILE = YES;
				INFOPLIST_FILE = "UIKit-Nano/Info.plist";
				INFOPLIST_KEY_UIApplicationSupportsIndirectInputEvents = YES;
				INFOPLIST_KEY_UILaunchStoryboardName = LaunchScreen;
				INFOPLIST_KEY_UIMainStoryboardFile = Main;
				INFOPLIST_KEY_UISupportedInterfaceOrientations_iPad = "UIInterfaceOrientationPortrait UIInterfaceOrientationPortraitUpsideDown UIInterfaceOrientationLandscapeLeft UIInterfaceOrientationLandscapeRight";
				INFOPLIST_KEY_UISupportedInterfaceOrientations_iPhone = "UIInterfaceOrientationPortrait UIInterfaceOrientationLandscapeLeft UIInterfaceOrientationLandscapeRight";
				IPHONEOS_DEPLOYMENT_TARGET = 15.0;
				LD_RUNPATH_SEARCH_PATHS = (
					"$(inherited)",
					"@executable_path/Frameworks",
				);
				MARKETING_VERSION = 1.0;
				PRODUCT_BUNDLE_IDENTIFIER = "com.dev.UIKit-Nano";
				PRODUCT_NAME = "$(TARGET_NAME)";
				SWIFT_EMIT_LOC_STRINGS = YES;
				SWIFT_VERSION = 5.0;
				TARGETED_DEVICE_FAMILY = "1,2";
			};
			name = Debug;
		};
		A7E83B242A40D08600F4FA2B /* Release */ = {
			isa = XCBuildConfiguration;
			buildSettings = {
				ASSETCATALOG_COMPILER_APPICON_NAME = AppIcon;
				ASSETCATALOG_COMPILER_GLOBAL_ACCENT_COLOR_NAME = AccentColor;
				CODE_SIGN_STYLE = Automatic;
				CURRENT_PROJECT_VERSION = 1;
				DEVELOPMENT_TEAM = 3GNMJZ6Q8Z;
				GENERATE_INFOPLIST_FILE = YES;
				INFOPLIST_FILE = "UIKit-Nano/Info.plist";
				INFOPLIST_KEY_UIApplicationSupportsIndirectInputEvents = YES;
				INFOPLIST_KEY_UILaunchStoryboardName = LaunchScreen;
				INFOPLIST_KEY_UIMainStoryboardFile = Main;
				INFOPLIST_KEY_UISupportedInterfaceOrientations_iPad = "UIInterfaceOrientationPortrait UIInterfaceOrientationPortraitUpsideDown UIInterfaceOrientationLandscapeLeft UIInterfaceOrientationLandscapeRight";
				INFOPLIST_KEY_UISupportedInterfaceOrientations_iPhone = "UIInterfaceOrientationPortrait UIInterfaceOrientationLandscapeLeft UIInterfaceOrientationLandscapeRight";
				IPHONEOS_DEPLOYMENT_TARGET = 15.0;
				LD_RUNPATH_SEARCH_PATHS = (
					"$(inherited)",
					"@executable_path/Frameworks",
				);
				MARKETING_VERSION = 1.0;
				PRODUCT_BUNDLE_IDENTIFIER = "com.dev.UIKit-Nano";
				PRODUCT_NAME = "$(TARGET_NAME)";
				SWIFT_EMIT_LOC_STRINGS = YES;
				SWIFT_VERSION = 5.0;
				TARGETED_DEVICE_FAMILY = "1,2";
			};
			name = Release;
		};
/* End XCBuildConfiguration section */

/* Begin XCConfigurationList section */
		A7E83B092A40D08500F4FA2B /* Build configuration list for PBXProject "UIKit-Nano" */ = {
			isa = XCConfigurationList;
			buildConfigurations = (
				A7E83B202A40D08600F4FA2B /* Debug */,
				A7E83B212A40D08600F4FA2B /* Release */,
			);
			defaultConfigurationIsVisible = 0;
			defaultConfigurationName = Release;
		};
		A7E83B222A40D08600F4FA2B /* Build configuration list for PBXNativeTarget "UIKit-Nano" */ = {
			isa = XCConfigurationList;
			buildConfigurations = (
				A7E83B232A40D08600F4FA2B /* Debug */,
				A7E83B242A40D08600F4FA2B /* Release */,
			);
			defaultConfigurationIsVisible = 0;
			defaultConfigurationName = Release;
		};
/* End XCConfigurationList section */
	};
	rootObject = A7E83B062A40D08500F4FA2B /* Project object */;
}
